<?xml version="1.0" encoding="utf-8"?>
<Project ToolsVersion="4.0" xmlns="http://schemas.microsoft.com/developer/msbuild/2003">
  <ItemGroup>
    <ClCompile Include="ssl.c" />
    <ClCompile Include="..\..\include\mbedtls\library\ecdsa.c">
      <Filter>mbedtls</Filter>
    </ClCompile>
    <ClCompile Include="..\..\include\mbedtls\library\ecjpake.c">
      <Filter>mbedtls</Filter>
    </ClCompile>
    <ClCompile Include="..\..\include\mbedtls\library\ecp.c">
      <Filter>mbedtls</Filter>
    </ClCompile>
    <ClCompile Include="..\..\include\mbedtls\library\ecp_curves.c">
      <Filter>mbedtls</Filter>
    </ClCompile>
    <ClCompile Include="..\..\include\mbedtls\library\entropy.c">
      <Filter>mbedtls</Filter>
    </ClCompile>
    <ClCompile Include="..\..\include\mbedtls\library\entropy_poll.c">
      <Filter>mbedtls</Filter>
    </ClCompile>
    <ClCompile Include="..\..\include\mbedtls\library\error.c">
      <Filter>mbedtls</Filter>
    </ClCompile>
    <ClCompile Include="..\..\include\mbedtls\library\gcm.c">
      <Filter>mbedtls</Filter>
    </ClCompile>
    <ClCompile Include="..\..\include\mbedtls\library\havege.c">
      <Filter>mbedtls</Filter>
    </ClCompile>
    <ClCompile Include="..\..\include\mbedtls\library\hmac_drbg.c">
      <Filter>mbedtls</Filter>
    </ClCompile>
    <ClCompile Include="..\..\include\mbedtls\library\md.c">
      <Filter>mbedtls</Filter>
    </ClCompile>
    <ClCompile Include="..\..\include\mbedtls\library\md_wrap.c">
      <Filter>mbedtls</Filter>
    </ClCompile>
    <ClCompile Include="..\..\include\mbedtls\library\md2.c">
      <Filter>mbedtls</Filter>
    </ClCompile>
    <ClCompile Include="..\..\include\mbedtls\library\md4.c">
      <Filter>mbedtls</Filter>
    </ClCompile>
    <ClCompile Include="..\..\include\mbedtls\library\md5.c">
      <Filter>mbedtls</Filter>
    </ClCompile>
    <ClCompile Include="..\..\include\mbedtls\library\memory_buffer_alloc.c">
      <Filter>mbedtls</Filter>
    </ClCompile>
    <ClCompile Include="..\..\include\mbedtls\library\oid.c">
      <Filter>mbedtls</Filter>
    </ClCompile>
    <ClCompile Include="..\..\include\mbedtls\library\padlock.c">
      <Filter>mbedtls</Filter>
    </ClCompile>
    <ClCompile Include="..\..\include\mbedtls\library\pem.c">
      <Filter>mbedtls</Filter>
    </ClCompile>
    <ClCompile Include="..\..\include\mbedtls\library\pk.c">
      <Filter>mbedtls</Filter>
    </ClCompile>
    <ClCompile Include="..\..\include\mbedtls\library\pk_wrap.c">
      <Filter>mbedtls</Filter>
    </ClCompile>
    <ClCompile Include="..\..\include\mbedtls\library\pkcs5.c">
      <Filter>mbedtls</Filter>
    </ClCompile>
    <ClCompile Include="..\..\include\mbedtls\library\pkcs11.c">
      <Filter>mbedtls</Filter>
    </ClCompile>
    <ClCompile Include="..\..\include\mbedtls\library\pkcs12.c">
      <Filter>mbedtls</Filter>
    </ClCompile>
    <ClCompile Include="..\..\include\mbedtls\library\pkparse.c">
      <Filter>mbedtls</Filter>
    </ClCompile>
    <ClCompile Include="..\..\include\mbedtls\library\pkwrite.c">
      <Filter>mbedtls</Filter>
    </ClCompile>
    <ClCompile Include="..\..\include\mbedtls\library\platform.c">
      <Filter>mbedtls</Filter>
    </ClCompile>
    <ClCompile Include="..\..\include\mbedtls\library\ripemd160.c">
      <Filter>mbedtls</Filter>
    </ClCompile>
    <ClCompile Include="..\..\include\mbedtls\library\rsa.c">
      <Filter>mbedtls</Filter>
    </ClCompile>
    <ClCompile Include="..\..\include\mbedtls\library\sha1.c">
      <Filter>mbedtls</Filter>
    </ClCompile>
    <ClCompile Include="..\..\include\mbedtls\library\sha256.c">
      <Filter>mbedtls</Filter>
    </ClCompile>
    <ClCompile Include="..\..\include\mbedtls\library\sha512.c">
      <Filter>mbedtls</Filter>
    </ClCompile>
    <ClCompile Include="..\..\include\mbedtls\library\ssl_cache.c">
      <Filter>mbedtls</Filter>
    </ClCompile>
    <ClCompile Include="..\..\include\mbedtls\library\ssl_ciphersuites.c">
      <Filter>mbedtls</Filter>
    </ClCompile>
    <ClCompile Include="..\..\include\mbedtls\library\ssl_cli.c">
      <Filter>mbedtls</Filter>
    </ClCompile>
    <ClCompile Include="..\..\include\mbedtls\library\ssl_cookie.c">
      <Filter>mbedtls</Filter>
    </ClCompile>
    <ClCompile Include="..\..\include\mbedtls\library\ssl_srv.c">
      <Filter>mbedtls</Filter>
    </ClCompile>
    <ClCompile Include="..\..\include\mbedtls\library\ssl_ticket.c">
      <Filter>mbedtls</Filter>
    </ClCompile>
    <ClCompile Include="..\..\include\mbedtls\library\ssl_tls.c">
      <Filter>mbedtls</Filter>
    </ClCompile>
    <ClCompile Include="..\..\include\mbedtls\library\threading.c">
      <Filter>mbedtls</Filter>
    </ClCompile>
    <ClCompile Include="..\..\include\mbedtls\library\timing.c">
      <Filter>mbedtls</Filter>
    </ClCompile>
    <ClCompile Include="..\..\include\mbedtls\library\version.c">
      <Filter>mbedtls</Filter>
    </ClCompile>
    <ClCompile Include="..\..\include\mbedtls\library\version_features.c">
      <Filter>mbedtls</Filter>
    </ClCompile>
    <ClCompile Include="..\..\include\mbedtls\library\x509.c">
      <Filter>mbedtls</Filter>
    </ClCompile>
    <ClCompile Include="..\..\include\mbedtls\library\x509_create.c">
      <Filter>mbedtls</Filter>
    </ClCompile>
    <ClCompile Include="..\..\include\mbedtls\library\x509_crl.c">
      <Filter>mbedtls</Filter>
    </ClCompile>
    <ClCompile Include="..\..\include\mbedtls\library\x509_crt.c">
      <Filter>mbedtls</Filter>
    </ClCompile>
    <ClCompile Include="..\..\include\mbedtls\library\x509_csr.c">
      <Filter>mbedtls</Filter>
    </ClCompile>
    <ClCompile Include="..\..\include\mbedtls\library\x509write_crt.c">
      <Filter>mbedtls</Filter>
    </ClCompile>
    <ClCompile Include="..\..\include\mbedtls\library\x509write_csr.c">
      <Filter>mbedtls</Filter>
    </ClCompile>
    <ClCompile Include="..\..\include\mbedtls\library\xtea.c">
      <Filter>mbedtls</Filter>
    </ClCompile>
    <ClCompile Include="..\..\include\mbedtls\library\aes.c">
      <Filter>mbedtls</Filter>
    </ClCompile>
    <ClCompile Include="..\..\include\mbedtls\library\aesni.c">
      <Filter>mbedtls</Filter>
    </ClCompile>
    <ClCompile Include="..\..\include\mbedtls\library\arc4.c">
      <Filter>mbedtls</Filter>
    </ClCompile>
    <ClCompile Include="..\..\include\mbedtls\library\asn1parse.c">
      <Filter>mbedtls</Filter>
    </ClCompile>
    <ClCompile Include="..\..\include\mbedtls\library\asn1write.c">
      <Filter>mbedtls</Filter>
    </ClCompile>
    <ClCompile Include="..\..\include\mbedtls\library\base64.c">
      <Filter>mbedtls</Filter>
    </ClCompile>
    <ClCompile Include="..\..\include\mbedtls\library\bignum.c">
      <Filter>mbedtls</Filter>
    </ClCompile>
    <ClCompile Include="..\..\include\mbedtls\library\blowfish.c">
      <Filter>mbedtls</Filter>
    </ClCompile>
    <ClCompile Include="..\..\include\mbedtls\library\camellia.c">
      <Filter>mbedtls</Filter>
    </ClCompile>
    <ClCompile Include="..\..\include\mbedtls\library\ccm.c">
      <Filter>mbedtls</Filter>
    </ClCompile>
    <ClCompile Include="..\..\include\mbedtls\library\certs.c">
      <Filter>mbedtls</Filter>
    </ClCompile>
    <ClCompile Include="..\..\include\mbedtls\library\cipher.c">
      <Filter>mbedtls</Filter>
    </ClCompile>
    <ClCompile Include="..\..\include\mbedtls\library\cipher_wrap.c">
      <Filter>mbedtls</Filter>
    </ClCompile>
    <ClCompile Include="..\..\include\mbedtls\library\ctr_drbg.c">
      <Filter>mbedtls</Filter>
    </ClCompile>
    <ClCompile Include="..\..\include\mbedtls\library\debug.c">
      <Filter>mbedtls</Filter>
    </ClCompile>
    <ClCompile Include="..\..\include\mbedtls\library\des.c">
      <Filter>mbedtls</Filter>
    </ClCompile>
    <ClCompile Include="..\..\include\mbedtls\library\dhm.c">
      <Filter>mbedtls</Filter>
    </ClCompile>
    <ClCompile Include="..\..\include\mbedtls\library\ecdh.c">
      <Filter>mbedtls</Filter>
    </ClCompile>
    <ClCompile Include="..\..\include\mbedtls\library\rsa_internal.c">
      <Filter>mbedtls</Filter>
    </ClCompile>
  </ItemGroup>
  <ItemGroup>
    <Filter Include="mbedtls">
      <UniqueIdentifier>{e52fcee9-bcc2-42d7-b57c-c0773a23d2d9}</UniqueIdentifier>
    </Filter>
  </ItemGroup>
</Project>